
Microsoft Visual Studio Solution File, Format Version 12.00
# Visual Studio Version 17
VisualStudioVersion = 17.14.36221.1 d17.14
MinimumVisualStudioVersion = 10.0.40219.1
Project("{FAE04EC0-301F-11D3-BF4B-00C04F79EFBC}") = "PeopleWorksFinanceConsole", "PeopleWorksFinanceConsole.csproj", "{230A2CD3-E1DE-4506-B813-C3AE1C6300DD}"
EndProject
Global
	GlobalSection(SolutionConfigurationPlatforms) = preSolution
		Debug|Any CPU = Debug|Any CPU
		Release|Any CPU = Release|Any CPU
	EndGlobalSection
	GlobalSection(ProjectConfigurationPlatforms) = postSolution
		{230A2CD3-E1DE-4506-B813-C3AE1C6300DD}.Debug|Any CPU.ActiveCfg = Debug|Any CPU
		{230A2CD3-E1DE-4506-B813-C3AE1C6300DD}.Debug|Any CPU.Build.0 = Debug|Any CPU
		{230A2CD3-E1DE-4506-B813-C3AE1C6300DD}.Release|Any CPU.ActiveCfg = Release|Any CPU
		{230A2CD3-E1DE-4506-B813-C3AE1C6300DD}.Release|Any CPU.Build.0 = Release|Any CPU
	EndGlobalSection
	GlobalSection(SolutionProperties) = preSolution
		HideSolutionNode = FALSE
	EndGlobalSection
	GlobalSection(ExtensibilityGlobals) = postSolution
		SolutionGuid = {D10679D4-A318-4001-9D56-DAC6B1D6D922}
	EndGlobalSection
EndGlobal
